
Microsoft Visual Studio Solution File, Format Version 12.00
# Visual Studio 15
VisualStudioVersion = 15.0.27130.2036
MinimumVisualStudioVersion = 10.0.40219.1
Project("{FAE04EC0-301F-11D3-BF4B-00C04F79EFBC}") = "WindowsFormsApp1", "WindowsFormsApp1\WindowsFormsApp1.csproj", "{4BDF51FC-6AFB-419A-95D9-4CF915281861}"
EndProject
Project("{54435603-DBB4-11D2-8724-00A0C9A8B90C}") = "Setup2", "Setup2\Setup2.vdproj", "{AE845CE5-529A-45B4-917E-2E52BBD30652}"
EndProject
Global
	GlobalSection(SolutionConfigurationPlatforms) = preSolution
		Debug|Any CPU = Debug|Any CPU
		Debug|x64 = Debug|x64
		Debug|x86 = Debug|x86
		Release|Any CPU = Release|Any CPU
		Release|x64 = Release|x64
		Release|x86 = Release|x86
	EndGlobalSection
	GlobalSection(ProjectConfigurationPlatforms) = postSolution
		{4BDF51FC-6AFB-419A-95D9-4CF915281861}.Debug|Any CPU.ActiveCfg = Debug|Any CPU
		{4BDF51FC-6AFB-419A-95D9-4CF915281861}.Debug|Any CPU.Build.0 = Debug|Any CPU
		{4BDF51FC-6AFB-419A-95D9-4CF915281861}.Debug|x64.ActiveCfg = Debug|Any CPU
		{4BDF51FC-6AFB-419A-95D9-4CF915281861}.Debug|x64.Build.0 = Debug|Any CPU
		{4BDF51FC-6AFB-419A-95D9-4CF915281861}.Debug|x86.ActiveCfg = Debug|Any CPU
		{4BDF51FC-6AFB-419A-95D9-4CF915281861}.Debug|x86.Build.0 = Debug|Any CPU
		{4BDF51FC-6AFB-419A-95D9-4CF915281861}.Release|Any CPU.ActiveCfg = Release|Any CPU
		{4BDF51FC-6AFB-419A-95D9-4CF915281861}.Release|Any CPU.Build.0 = Release|Any CPU
		{4BDF51FC-6AFB-419A-95D9-4CF915281861}.Release|x64.ActiveCfg = Release|Any CPU
		{4BDF51FC-6AFB-419A-95D9-4CF915281861}.Release|x64.Build.0 = Release|Any CPU
		{4BDF51FC-6AFB-419A-95D9-4CF915281861}.Release|x86.ActiveCfg = Release|Any CPU
		{4BDF51FC-6AFB-419A-95D9-4CF915281861}.Release|x86.Build.0 = Release|Any CPU
		{AE845CE5-529A-45B4-917E-2E52BBD30652}.Debug|Any CPU.ActiveCfg = Debug
		{AE845CE5-529A-45B4-917E-2E52BBD30652}.Debug|x64.ActiveCfg = Debug
		{AE845CE5-529A-45B4-917E-2E52BBD30652}.Debug|x86.ActiveCfg = Debug
		{AE845CE5-529A-45B4-917E-2E52BBD30652}.Release|Any CPU.ActiveCfg = Release
		{AE845CE5-529A-45B4-917E-2E52BBD30652}.Release|x64.ActiveCfg = Release
		{AE845CE5-529A-45B4-917E-2E52BBD30652}.Release|x86.ActiveCfg = Release
	EndGlobalSection
	GlobalSection(SolutionProperties) = preSolution
		HideSolutionNode = FALSE
	EndGlobalSection
	GlobalSection(ExtensibilityGlobals) = postSolution
		SolutionGuid = {487057FD-08CF-4CE2-B597-8C2057C4CD71}
	EndGlobalSection
EndGlobal
